
Microsoft Visual Studio Solution File, Format Version 12.00
# Visual Studio Version 16
VisualStudioVersion = 16.0.35425.106
MinimumVisualStudioVersion = 10.0.40219.1
Project("{FAE04EC0-301F-11D3-BF4B-00C04F79EFBC}") = "ADO.NET", "ADO.NET\ADO.NET.csproj", "{B1A292CA-DCB5-4264-B94A-C0E0B833655E}"
EndProject
Project("{FAE04EC0-301F-11D3-BF4B-00C04F79EFBC}") = "Academy", "Academy\Academy.csproj", "{39866CD8-8C5F-422A-A715-50DAFF5907DD}"
EndProject
Project("{FAE04EC0-301F-11D3-BF4B-00C04F79EFBC}") = "MoviesConnector", "MoviesConnector\MoviesConnector.csproj", "{65F3AEE1-A450-4890-B1BF-B107E4D1E02A}"
EndProject
Project("{FAE04EC0-301F-11D3-BF4B-00C04F79EFBC}") = "DataSet", "DataSet\DataSet.csproj", "{F46776A7-09BD-4BC3-B99C-39E53647AE14}"
EndProject
Project("{FAE04EC0-301F-11D3-BF4B-00C04F79EFBC}") = "WPF", "WPF\WPF.csproj", "{F47CB0D2-73AA-443C-8688-C46245EFE8EF}"
EndProject
Project("{FAE04EC0-301F-11D3-BF4B-00C04F79EFBC}") = "Grid", "Grid\Grid.csproj", "{55D76027-11EF-481F-923D-CDB7A25A2F3E}"
EndProject
Project("{FAE04EC0-301F-11D3-BF4B-00C04F79EFBC}") = "ListView", "ListView\ListView.csproj", "{20B755C9-CB7D-4BFA-94A7-638758380905}"
EndProject
Global
	GlobalSection(SolutionConfigurationPlatforms) = preSolution
		Debug|Any CPU = Debug|Any CPU
		Release|Any CPU = Release|Any CPU
	EndGlobalSection
	GlobalSection(ProjectConfigurationPlatforms) = postSolution
		{B1A292CA-DCB5-4264-B94A-C0E0B833655E}.Debug|Any CPU.ActiveCfg = Debug|Any CPU
		{B1A292CA-DCB5-4264-B94A-C0E0B833655E}.Debug|Any CPU.Build.0 = Debug|Any CPU
		{B1A292CA-DCB5-4264-B94A-C0E0B833655E}.Release|Any CPU.ActiveCfg = Release|Any CPU
		{B1A292CA-DCB5-4264-B94A-C0E0B833655E}.Release|Any CPU.Build.0 = Release|Any CPU
		{39866CD8-8C5F-422A-A715-50DAFF5907DD}.Debug|Any CPU.ActiveCfg = Debug|Any CPU
		{39866CD8-8C5F-422A-A715-50DAFF5907DD}.Debug|Any CPU.Build.0 = Debug|Any CPU
		{39866CD8-8C5F-422A-A715-50DAFF5907DD}.Release|Any CPU.ActiveCfg = Release|Any CPU
		{39866CD8-8C5F-422A-A715-50DAFF5907DD}.Release|Any CPU.Build.0 = Release|Any CPU
		{65F3AEE1-A450-4890-B1BF-B107E4D1E02A}.Debug|Any CPU.ActiveCfg = Debug|Any CPU
		{65F3AEE1-A450-4890-B1BF-B107E4D1E02A}.Debug|Any CPU.Build.0 = Debug|Any CPU
		{65F3AEE1-A450-4890-B1BF-B107E4D1E02A}.Release|Any CPU.ActiveCfg = Release|Any CPU
		{65F3AEE1-A450-4890-B1BF-B107E4D1E02A}.Release|Any CPU.Build.0 = Release|Any CPU
		{F46776A7-09BD-4BC3-B99C-39E53647AE14}.Debug|Any CPU.ActiveCfg = Debug|Any CPU
		{F46776A7-09BD-4BC3-B99C-39E53647AE14}.Debug|Any CPU.Build.0 = Debug|Any CPU
		{F46776A7-09BD-4BC3-B99C-39E53647AE14}.Release|Any CPU.ActiveCfg = Release|Any CPU
		{F46776A7-09BD-4BC3-B99C-39E53647AE14}.Release|Any CPU.Build.0 = Release|Any CPU
		{F47CB0D2-73AA-443C-8688-C46245EFE8EF}.Debug|Any CPU.ActiveCfg = Debug|Any CPU
		{F47CB0D2-73AA-443C-8688-C46245EFE8EF}.Debug|Any CPU.Build.0 = Debug|Any CPU
		{F47CB0D2-73AA-443C-8688-C46245EFE8EF}.Release|Any CPU.ActiveCfg = Release|Any CPU
		{F47CB0D2-73AA-443C-8688-C46245EFE8EF}.Release|Any CPU.Build.0 = Release|Any CPU
		{55D76027-11EF-481F-923D-CDB7A25A2F3E}.Debug|Any CPU.ActiveCfg = Debug|Any CPU
		{55D76027-11EF-481F-923D-CDB7A25A2F3E}.Debug|Any CPU.Build.0 = Debug|Any CPU
		{55D76027-11EF-481F-923D-CDB7A25A2F3E}.Release|Any CPU.ActiveCfg = Release|Any CPU
		{55D76027-11EF-481F-923D-CDB7A25A2F3E}.Release|Any CPU.Build.0 = Release|Any CPU
		{20B755C9-CB7D-4BFA-94A7-638758380905}.Debug|Any CPU.ActiveCfg = Debug|Any CPU
		{20B755C9-CB7D-4BFA-94A7-638758380905}.Debug|Any CPU.Build.0 = Debug|Any CPU
		{20B755C9-CB7D-4BFA-94A7-638758380905}.Release|Any CPU.ActiveCfg = Release|Any CPU
		{20B755C9-CB7D-4BFA-94A7-638758380905}.Release|Any CPU.Build.0 = Release|Any CPU
	EndGlobalSection
	GlobalSection(SolutionProperties) = preSolution
		HideSolutionNode = FALSE
	EndGlobalSection
	GlobalSection(ExtensibilityGlobals) = postSolution
		SolutionGuid = {4888E1F3-AB14-4AC4-BEC1-F886AA1A545F}
	EndGlobalSection
EndGlobal
